// !$*UTF8*$!
{
	archiveVersion = 1;
	classes = {
	};
	objectVersion = 50;
	objects = {

/* Begin PBXBuildFile section */
		721E1AE22332D7AA00610B11 /* AppDelegate.swift in Sources */ = {isa = PBXBuildFile; fileRef = 721E1AE12332D7AA00610B11 /* AppDelegate.swift */; };
		721E1AE72332D7AA00610B11 /* Main.storyboard in Resources */ = {isa = PBXBuildFile; fileRef = 721E1AE52332D7AA00610B11 /* Main.storyboard */; };
		721E1AE92332D7AB00610B11 /* Assets.xcassets in Resources */ = {isa = PBXBuildFile; fileRef = 721E1AE82332D7AB00610B11 /* Assets.xcassets */; };
		721E1AEC2332D7AB00610B11 /* LaunchScreen.storyboard in Resources */ = {isa = PBXBuildFile; fileRef = 721E1AEA2332D7AB00610B11 /* LaunchScreen.storyboard */; };
		721E1B562332E12700610B11 /* WLNetworkLayer.framework in Frameworks */ = {isa = PBXBuildFile; fileRef = 721E1B532332E10500610B11 /* WLNetworkLayer.framework */; };
		721E1B572332E12700610B11 /* WLNetworkLayer.framework in Embed Frameworks */ = {isa = PBXBuildFile; fileRef = 721E1B532332E10500610B11 /* WLNetworkLayer.framework */; settings = {ATTRIBUTES = (CodeSignOnCopy, RemoveHeadersOnCopy, ); }; };
		72C2AAF923341C0B00F32799 /* CollectionItem.swift in Sources */ = {isa = PBXBuildFile; fileRef = 72C2AAF823341C0B00F32799 /* CollectionItem.swift */; };
		72C2AAFB23341C2C00F32799 /* CollectionSection.swift in Sources */ = {isa = PBXBuildFile; fileRef = 72C2AAFA23341C2C00F32799 /* CollectionSection.swift */; };
		72C2AAFE23341D3700F32799 /* CollectionViewDataSource.swift in Sources */ = {isa = PBXBuildFile; fileRef = 72C2AAFD23341D3700F32799 /* CollectionViewDataSource.swift */; };
		72C2AB0023341D5700F32799 /* GenericCollectionSection.swift in Sources */ = {isa = PBXBuildFile; fileRef = 72C2AAFF23341D5700F32799 /* GenericCollectionSection.swift */; };
		72C2AB0223341D7B00F32799 /* HeightGettable.swift in Sources */ = {isa = PBXBuildFile; fileRef = 72C2AB0123341D7B00F32799 /* HeightGettable.swift */; };
		72C2AB0423341D9600F32799 /* ValueSettable.swift in Sources */ = {isa = PBXBuildFile; fileRef = 72C2AB0323341D9600F32799 /* ValueSettable.swift */; };
		72C2AB0723341E7700F32799 /* UIView+Nib.swift in Sources */ = {isa = PBXBuildFile; fileRef = 72C2AB0623341E7700F32799 /* UIView+Nib.swift */; };
		72C2AB092334239400F32799 /* AppCoordinator.swift in Sources */ = {isa = PBXBuildFile; fileRef = 72C2AB082334239400F32799 /* AppCoordinator.swift */; };
		72C2AB0B233423E600F32799 /* Coordinator.swift in Sources */ = {isa = PBXBuildFile; fileRef = 72C2AB0A233423E600F32799 /* Coordinator.swift */; };
		72C2AB0E233425B300F32799 /* ViewControllerBuilder.swift in Sources */ = {isa = PBXBuildFile; fileRef = 72C2AB0D233425B300F32799 /* ViewControllerBuilder.swift */; };
		72C2AB10233427DF00F32799 /* FavouriteViewController.swift in Sources */ = {isa = PBXBuildFile; fileRef = 72C2AB0F233427DF00F32799 /* FavouriteViewController.swift */; };
		72C2AB132334280B00F32799 /* FavouriteViewModel.swift in Sources */ = {isa = PBXBuildFile; fileRef = 72C2AB122334280B00F32799 /* FavouriteViewModel.swift */; };
		72C2AB152334285D00F32799 /* UserDefaults+Extensions.swift in Sources */ = {isa = PBXBuildFile; fileRef = 72C2AB142334285D00F32799 /* UserDefaults+Extensions.swift */; };
		72C2AB19233428E700F32799 /* WeatherGroupResponse.swift in Sources */ = {isa = PBXBuildFile; fileRef = 72C2AB18233428E700F32799 /* WeatherGroupResponse.swift */; };
		72C2AB1B2334293200F32799 /* WeatherGroupOperation.swift in Sources */ = {isa = PBXBuildFile; fileRef = 72C2AB1A2334293200F32799 /* WeatherGroupOperation.swift */; };
		72C2AB1D23342AD200F32799 /* FavouriteViewController.xib in Resources */ = {isa = PBXBuildFile; fileRef = 72C2AB1C23342AD200F32799 /* FavouriteViewController.xib */; };
		72C2AB1F23342D0E00F32799 /* CoordinatorBuilder.swift in Sources */ = {isa = PBXBuildFile; fileRef = 72C2AB1E23342D0E00F32799 /* CoordinatorBuilder.swift */; };
		72C2AB212334302100F32799 /* weathergroup_response.json in Resources */ = {isa = PBXBuildFile; fileRef = 72C2AB202334302100F32799 /* weathergroup_response.json */; };
		72C2AB23233430DE00F32799 /* WeatherGroupResponse+Arrange.swift in Sources */ = {isa = PBXBuildFile; fileRef = 72C2AB22233430DE00F32799 /* WeatherGroupResponse+Arrange.swift */; };
		72C2AB252334330900F32799 /* UIViewController+ServiceClientError.swift in Sources */ = {isa = PBXBuildFile; fileRef = 72C2AB242334330900F32799 /* UIViewController+ServiceClientError.swift */; };
		72C2AB282334358D00F32799 /* StickyHeaderCollectionViewLayout.swift in Sources */ = {isa = PBXBuildFile; fileRef = 72C2AB272334358D00F32799 /* StickyHeaderCollectionViewLayout.swift */; };
		72C2AB2E233435AC00F32799 /* SpacerCollectionViewCell.xib in Resources */ = {isa = PBXBuildFile; fileRef = 72C2AB2A233435AC00F32799 /* SpacerCollectionViewCell.xib */; };
		72C2AB2F233435AC00F32799 /* ClearTextCollectionViewCell.swift in Sources */ = {isa = PBXBuildFile; fileRef = 72C2AB2B233435AC00F32799 /* ClearTextCollectionViewCell.swift */; };
		72C2AB30233435AC00F32799 /* SpacerCollectionViewCell.swift in Sources */ = {isa = PBXBuildFile; fileRef = 72C2AB2C233435AC00F32799 /* SpacerCollectionViewCell.swift */; };
		72C2AB31233435AC00F32799 /* ClearTextCollectionViewCell.xib in Resources */ = {isa = PBXBuildFile; fileRef = 72C2AB2D233435AC00F32799 /* ClearTextCollectionViewCell.xib */; };
		72C2AB332334360E00F32799 /* UICollectionView+Registration.swift in Sources */ = {isa = PBXBuildFile; fileRef = 72C2AB322334360E00F32799 /* UICollectionView+Registration.swift */; };
		72C2AB352334362E00F32799 /* StretchySectionLayout.swift in Sources */ = {isa = PBXBuildFile; fileRef = 72C2AB342334362E00F32799 /* StretchySectionLayout.swift */; };
		72C2AB372334364400F32799 /* IndexPath+Extension.swift in Sources */ = {isa = PBXBuildFile; fileRef = 72C2AB362334364300F32799 /* IndexPath+Extension.swift */; };
		72C2AB392334364A00F32799 /* UIFont+Extension.swift in Sources */ = {isa = PBXBuildFile; fileRef = 72C2AB382334364A00F32799 /* UIFont+Extension.swift */; };
		72C2AB3F233437CA00F32799 /* FavouriteDataSourceBuilder.swift in Sources */ = {isa = PBXBuildFile; fileRef = 72C2AB3E233437CA00F32799 /* FavouriteDataSourceBuilder.swift */; };
		72C2AB42233438A500F32799 /* SpacerCollectionItem.swift in Sources */ = {isa = PBXBuildFile; fileRef = 72C2AB41233438A500F32799 /* SpacerCollectionItem.swift */; };
		72C2AB44233438AF00F32799 /* ValueSettableCollectionItem.swift in Sources */ = {isa = PBXBuildFile; fileRef = 72C2AB43233438AF00F32799 /* ValueSettableCollectionItem.swift */; };
		72C2AB482334390C00F32799 /* SpacerCollectionItem+Convenience.swift in Sources */ = {isa = PBXBuildFile; fileRef = 72C2AB472334390C00F32799 /* SpacerCollectionItem+Convenience.swift */; };
		72C2AB4A2334395600F32799 /* UIColor+Extension.swift in Sources */ = {isa = PBXBuildFile; fileRef = 72C2AB492334395600F32799 /* UIColor+Extension.swift */; };
		72C2AB4C23343D2300F32799 /* UIViewController+LoadingView.swift in Sources */ = {isa = PBXBuildFile; fileRef = 72C2AB4B23343D2300F32799 /* UIViewController+LoadingView.swift */; };
		72C2AB4F233442A200F32799 /* ValueSettableCollectionItemTests.swift in Sources */ = {isa = PBXBuildFile; fileRef = 72C2AB4E233442A200F32799 /* ValueSettableCollectionItemTests.swift */; };
		72C2AB512334435100F32799 /* MockUICollectionView.swift in Sources */ = {isa = PBXBuildFile; fileRef = 72C2AB502334435100F32799 /* MockUICollectionView.swift */; };
		72C2AB55233448AF00F32799 /* FavouriteCityCollectionViewCell.swift in Sources */ = {isa = PBXBuildFile; fileRef = 72C2AB53233448AF00F32799 /* FavouriteCityCollectionViewCell.swift */; };
		72C2AB56233448AF00F32799 /* FavouriteCityCollectionViewCell.xib in Resources */ = {isa = PBXBuildFile; fileRef = 72C2AB54233448AF00F32799 /* FavouriteCityCollectionViewCell.xib */; };
		72C2AB5823344D4500F32799 /* UIImageView+Rotation.swift in Sources */ = {isa = PBXBuildFile; fileRef = 72C2AB5723344D4500F32799 /* UIImageView+Rotation.swift */; };
		72C2AB5A23344E7F00F32799 /* CGRect+Extension.swift in Sources */ = {isa = PBXBuildFile; fileRef = 72C2AB5923344E7E00F32799 /* CGRect+Extension.swift */; };
		72C2AB5C23344E8F00F32799 /* CGRect+ExtensionTests.swift in Sources */ = {isa = PBXBuildFile; fileRef = 72C2AB5B23344E8F00F32799 /* CGRect+ExtensionTests.swift */; };
		72C2AB5E23344F4E00F32799 /* MockUserDefaults.swift in Sources */ = {isa = PBXBuildFile; fileRef = 72C2AB5D23344F4E00F32799 /* MockUserDefaults.swift */; };
		72C2AB60233450C100F32799 /* UserDefaults+ExtensionsTests.swift in Sources */ = {isa = PBXBuildFile; fileRef = 72C2AB5F233450C100F32799 /* UserDefaults+ExtensionsTests.swift */; };
		72C2D82D2332E4EA00BA7369 /* Wind.swift in Sources */ = {isa = PBXBuildFile; fileRef = 72C2D8232332E4EA00BA7369 /* Wind.swift */; };
		72C2D82E2332E4EA00BA7369 /* City.swift in Sources */ = {isa = PBXBuildFile; fileRef = 72C2D8242332E4EA00BA7369 /* City.swift */; };
		72C2D82F2332E4EA00BA7369 /* WeatherResponse.swift in Sources */ = {isa = PBXBuildFile; fileRef = 72C2D8252332E4EA00BA7369 /* WeatherResponse.swift */; };
		72C2D8302332E4EA00BA7369 /* ForecastResponse.swift in Sources */ = {isa = PBXBuildFile; fileRef = 72C2D8262332E4EA00BA7369 /* ForecastResponse.swift */; };
		72C2D8312332E4EA00BA7369 /* Weather.swift in Sources */ = {isa = PBXBuildFile; fileRef = 72C2D8272332E4EA00BA7369 /* Weather.swift */; };
		72C2D8322332E4EA00BA7369 /* SearchCityResponse.swift in Sources */ = {isa = PBXBuildFile; fileRef = 72C2D8282332E4EA00BA7369 /* SearchCityResponse.swift */; };
		72C2D8332332E4EA00BA7369 /* Main.swift in Sources */ = {isa = PBXBuildFile; fileRef = 72C2D8292332E4EA00BA7369 /* Main.swift */; };
		72C2D8342332E4EA00BA7369 /* GeoCoordinator.swift in Sources */ = {isa = PBXBuildFile; fileRef = 72C2D82A2332E4EA00BA7369 /* GeoCoordinator.swift */; };
		72C2D8352332E4EA00BA7369 /* Sys.swift in Sources */ = {isa = PBXBuildFile; fileRef = 72C2D82B2332E4EA00BA7369 /* Sys.swift */; };
		72C2D8392332E52C00BA7369 /* SearchCityOperation.swift in Sources */ = {isa = PBXBuildFile; fileRef = 72C2D8382332E52C00BA7369 /* SearchCityOperation.swift */; };
		72C2D83C2332E59300BA7369 /* WeatherOperation.swift in Sources */ = {isa = PBXBuildFile; fileRef = 72C2D83B2332E59300BA7369 /* WeatherOperation.swift */; };
		72C2D83F2332E5C400BA7369 /* WeatherServices.swift in Sources */ = {isa = PBXBuildFile; fileRef = 72C2D83E2332E5C400BA7369 /* WeatherServices.swift */; };
		72C2D8412332E5E700BA7369 /* FindCityServices.swift in Sources */ = {isa = PBXBuildFile; fileRef = 72C2D8402332E5E700BA7369 /* FindCityServices.swift */; };
		72C2D8462332E65D00BA7369 /* Bundle+UnitTests.swift in Sources */ = {isa = PBXBuildFile; fileRef = 72C2D8452332E65D00BA7369 /* Bundle+UnitTests.swift */; };
		72C2D8492332E69600BA7369 /* JSONLoader+UnitTests.swift in Sources */ = {isa = PBXBuildFile; fileRef = 72C2D8482332E69600BA7369 /* JSONLoader+UnitTests.swift */; };
		72C2D84C2332E6BA00BA7369 /* JSONLoader.swift in Sources */ = {isa = PBXBuildFile; fileRef = 72C2D84B2332E6BA00BA7369 /* JSONLoader.swift */; };
		72C2D84E2332E6D100BA7369 /* TestAppDelegate.swift in Sources */ = {isa = PBXBuildFile; fileRef = 72C2D84D2332E6D100BA7369 /* TestAppDelegate.swift */; };
		72C2D8532332E71200BA7369 /* forecast_response.json in Resources */ = {isa = PBXBuildFile; fileRef = 72C2D8522332E71200BA7369 /* forecast_response.json */; };
		72C2D8552332E73200BA7369 /* search_city_response.json in Resources */ = {isa = PBXBuildFile; fileRef = 72C2D8542332E73200BA7369 /* search_city_response.json */; };
		72C2D8572332E75200BA7369 /* search_city_empty_response.json in Resources */ = {isa = PBXBuildFile; fileRef = 72C2D8562332E75200BA7369 /* search_city_empty_response.json */; };
		72C2D8592332E76900BA7369 /* weather_response.json in Resources */ = {isa = PBXBuildFile; fileRef = 72C2D8582332E76900BA7369 /* weather_response.json */; };
		72C2D85C2332E7AB00BA7369 /* SearchCityResponse+Arrange.swift in Sources */ = {isa = PBXBuildFile; fileRef = 72C2D85B2332E7AB00BA7369 /* SearchCityResponse+Arrange.swift */; };
		72C2D85E2332E7E900BA7369 /* ServiceClientResponse+Arrange.swift in Sources */ = {isa = PBXBuildFile; fileRef = 72C2D85D2332E7E900BA7369 /* ServiceClientResponse+Arrange.swift */; };
		72C2D8602332E81A00BA7369 /* WeatherResponse+Arrange.swift in Sources */ = {isa = PBXBuildFile; fileRef = 72C2D85F2332E81A00BA7369 /* WeatherResponse+Arrange.swift */; };
		72C2D8622332E8D500BA7369 /* ForecastResponse+Arrange.swift in Sources */ = {isa = PBXBuildFile; fileRef = 72C2D8612332E8D500BA7369 /* ForecastResponse+Arrange.swift */; };
		72C2D8682332E94C00BA7369 /* FindCityServicesTests.swift in Sources */ = {isa = PBXBuildFile; fileRef = 72C2D8672332E94C00BA7369 /* FindCityServicesTests.swift */; };
		72C2D86A2332EAC100BA7369 /* MockNetworkServiceClient.swift in Sources */ = {isa = PBXBuildFile; fileRef = 72C2D8692332EAC100BA7369 /* MockNetworkServiceClient.swift */; };
		72C2D86C2332EB0600BA7369 /* WeatherServicesTests.swift in Sources */ = {isa = PBXBuildFile; fileRef = 72C2D86B2332EB0600BA7369 /* WeatherServicesTests.swift */; };
/* End PBXBuildFile section */

/* Begin PBXContainerItemProxy section */
		721E1AF32332D7AB00610B11 /* PBXContainerItemProxy */ = {
			isa = PBXContainerItemProxy;
			containerPortal = 721E1AD62332D7AA00610B11 /* Project object */;
			proxyType = 1;
			remoteGlobalIDString = 721E1ADD2332D7AA00610B11;
			remoteInfo = JustWind;
		};
		721E1B522332E10500610B11 /* PBXContainerItemProxy */ = {
			isa = PBXContainerItemProxy;
			containerPortal = 721E1B4D2332E10400610B11 /* WLNetworkLayer.xcodeproj */;
			proxyType = 2;
			remoteGlobalIDString = 721E1B0C2332DCC000610B11;
			remoteInfo = WLNetworkLayer;
		};
		721E1B542332E10500610B11 /* PBXContainerItemProxy */ = {
			isa = PBXContainerItemProxy;
			containerPortal = 721E1B4D2332E10400610B11 /* WLNetworkLayer.xcodeproj */;
			proxyType = 2;
			remoteGlobalIDString = 721E1B152332DCC000610B11;
			remoteInfo = WLNetworkLayerTests;
		};
		721E1B582332E12700610B11 /* PBXContainerItemProxy */ = {
			isa = PBXContainerItemProxy;
			containerPortal = 721E1B4D2332E10400610B11 /* WLNetworkLayer.xcodeproj */;
			proxyType = 1;
			remoteGlobalIDString = 721E1B0B2332DCC000610B11;
			remoteInfo = WLNetworkLayer;
		};
/* End PBXContainerItemProxy section */

/* Begin PBXCopyFilesBuildPhase section */
		721E1B5A2332E12700610B11 /* Embed Frameworks */ = {
			isa = PBXCopyFilesBuildPhase;
			buildActionMask = 2147483647;
			dstPath = "";
			dstSubfolderSpec = 10;
			files = (
				721E1B572332E12700610B11 /* WLNetworkLayer.framework in Embed Frameworks */,
			);
			name = "Embed Frameworks";
			runOnlyForDeploymentPostprocessing = 0;
		};
/* End PBXCopyFilesBuildPhase section */

/* Begin PBXFileReference section */
		721E1ADE2332D7AA00610B11 /* JustWind.app */ = {isa = PBXFileReference; explicitFileType = wrapper.application; includeInIndex = 0; path = JustWind.app; sourceTree = BUILT_PRODUCTS_DIR; };
		721E1AE12332D7AA00610B11 /* AppDelegate.swift */ = {isa = PBXFileReference; lastKnownFileType = sourcecode.swift; path = AppDelegate.swift; sourceTree = "<group>"; };
		721E1AE62332D7AA00610B11 /* Base */ = {isa = PBXFileReference; lastKnownFileType = file.storyboard; name = Base; path = Base.lproj/Main.storyboard; sourceTree = "<group>"; };
		721E1AE82332D7AB00610B11 /* Assets.xcassets */ = {isa = PBXFileReference; lastKnownFileType = folder.assetcatalog; path = Assets.xcassets; sourceTree = "<group>"; };
		721E1AEB2332D7AB00610B11 /* Base */ = {isa = PBXFileReference; lastKnownFileType = file.storyboard; name = Base; path = Base.lproj/LaunchScreen.storyboard; sourceTree = "<group>"; };
		721E1AED2332D7AB00610B11 /* Info.plist */ = {isa = PBXFileReference; lastKnownFileType = text.plist.xml; path = Info.plist; sourceTree = "<group>"; };
		721E1AF22332D7AB00610B11 /* JustWindTests.xctest */ = {isa = PBXFileReference; explicitFileType = wrapper.cfbundle; includeInIndex = 0; path = JustWindTests.xctest; sourceTree = BUILT_PRODUCTS_DIR; };
		721E1AF82332D7AC00610B11 /* Info.plist */ = {isa = PBXFileReference; lastKnownFileType = text.plist.xml; path = Info.plist; sourceTree = "<group>"; };
		721E1B4D2332E10400610B11 /* WLNetworkLayer.xcodeproj */ = {isa = PBXFileReference; lastKnownFileType = "wrapper.pb-project"; name = WLNetworkLayer.xcodeproj; path = ../WLNetworkLayer/WLNetworkLayer.xcodeproj; sourceTree = "<group>"; };
		72C2AAF823341C0B00F32799 /* CollectionItem.swift */ = {isa = PBXFileReference; lastKnownFileType = sourcecode.swift; path = CollectionItem.swift; sourceTree = "<group>"; };
		72C2AAFA23341C2C00F32799 /* CollectionSection.swift */ = {isa = PBXFileReference; lastKnownFileType = sourcecode.swift; path = CollectionSection.swift; sourceTree = "<group>"; };
		72C2AAFD23341D3700F32799 /* CollectionViewDataSource.swift */ = {isa = PBXFileReference; lastKnownFileType = sourcecode.swift; path = CollectionViewDataSource.swift; sourceTree = "<group>"; };
		72C2AAFF23341D5700F32799 /* GenericCollectionSection.swift */ = {isa = PBXFileReference; lastKnownFileType = sourcecode.swift; path = GenericCollectionSection.swift; sourceTree = "<group>"; };
		72C2AB0123341D7B00F32799 /* HeightGettable.swift */ = {isa = PBXFileReference; lastKnownFileType = sourcecode.swift; path = HeightGettable.swift; sourceTree = "<group>"; };
		72C2AB0323341D9600F32799 /* ValueSettable.swift */ = {isa = PBXFileReference; lastKnownFileType = sourcecode.swift; path = ValueSettable.swift; sourceTree = "<group>"; };
		72C2AB0623341E7700F32799 /* UIView+Nib.swift */ = {isa = PBXFileReference; fileEncoding = 4; lastKnownFileType = sourcecode.swift; path = "UIView+Nib.swift"; sourceTree = "<group>"; };
		72C2AB082334239400F32799 /* AppCoordinator.swift */ = {isa = PBXFileReference; lastKnownFileType = sourcecode.swift; path = AppCoordinator.swift; sourceTree = "<group>"; };
		72C2AB0A233423E600F32799 /* Coordinator.swift */ = {isa = PBXFileReference; lastKnownFileType = sourcecode.swift; path = Coordinator.swift; sourceTree = "<group>"; };
		72C2AB0D233425B300F32799 /* ViewControllerBuilder.swift */ = {isa = PBXFileReference; lastKnownFileType = sourcecode.swift; path = ViewControllerBuilder.swift; sourceTree = "<group>"; };
		72C2AB0F233427DF00F32799 /* FavouriteViewController.swift */ = {isa = PBXFileReference; lastKnownFileType = sourcecode.swift; path = FavouriteViewController.swift; sourceTree = "<group>"; };
		72C2AB122334280B00F32799 /* FavouriteViewModel.swift */ = {isa = PBXFileReference; lastKnownFileType = sourcecode.swift; path = FavouriteViewModel.swift; sourceTree = "<group>"; };
		72C2AB142334285D00F32799 /* UserDefaults+Extensions.swift */ = {isa = PBXFileReference; lastKnownFileType = sourcecode.swift; path = "UserDefaults+Extensions.swift"; sourceTree = "<group>"; };
		72C2AB18233428E700F32799 /* WeatherGroupResponse.swift */ = {isa = PBXFileReference; lastKnownFileType = sourcecode.swift; path = WeatherGroupResponse.swift; sourceTree = "<group>"; };
		72C2AB1A2334293200F32799 /* WeatherGroupOperation.swift */ = {isa = PBXFileReference; lastKnownFileType = sourcecode.swift; path = WeatherGroupOperation.swift; sourceTree = "<group>"; };
		72C2AB1C23342AD200F32799 /* FavouriteViewController.xib */ = {isa = PBXFileReference; lastKnownFileType = file.xib; path = FavouriteViewController.xib; sourceTree = "<group>"; };
		72C2AB1E23342D0E00F32799 /* CoordinatorBuilder.swift */ = {isa = PBXFileReference; lastKnownFileType = sourcecode.swift; path = CoordinatorBuilder.swift; sourceTree = "<group>"; };
		72C2AB202334302100F32799 /* weathergroup_response.json */ = {isa = PBXFileReference; lastKnownFileType = text.json; path = weathergroup_response.json; sourceTree = "<group>"; };
		72C2AB22233430DE00F32799 /* WeatherGroupResponse+Arrange.swift */ = {isa = PBXFileReference; lastKnownFileType = sourcecode.swift; path = "WeatherGroupResponse+Arrange.swift"; sourceTree = "<group>"; };
		72C2AB242334330900F32799 /* UIViewController+ServiceClientError.swift */ = {isa = PBXFileReference; fileEncoding = 4; lastKnownFileType = sourcecode.swift; path = "UIViewController+ServiceClientError.swift"; sourceTree = "<group>"; };
		72C2AB272334358D00F32799 /* StickyHeaderCollectionViewLayout.swift */ = {isa = PBXFileReference; fileEncoding = 4; lastKnownFileType = sourcecode.swift; path = StickyHeaderCollectionViewLayout.swift; sourceTree = "<group>"; };
		72C2AB2A233435AC00F32799 /* SpacerCollectionViewCell.xib */ = {isa = PBXFileReference; fileEncoding = 4; lastKnownFileType = file.xib; path = SpacerCollectionViewCell.xib; sourceTree = "<group>"; };
		72C2AB2B233435AC00F32799 /* ClearTextCollectionViewCell.swift */ = {isa = PBXFileReference; fileEncoding = 4; lastKnownFileType = sourcecode.swift; path = ClearTextCollectionViewCell.swift; sourceTree = "<group>"; };
		72C2AB2C233435AC00F32799 /* SpacerCollectionViewCell.swift */ = {isa = PBXFileReference; fileEncoding = 4; lastKnownFileType = sourcecode.swift; path = SpacerCollectionViewCell.swift; sourceTree = "<group>"; };
		72C2AB2D233435AC00F32799 /* ClearTextCollectionViewCell.xib */ = {isa = PBXFileReference; fileEncoding = 4; lastKnownFileType = file.xib; path = ClearTextCollectionViewCell.xib; sourceTree = "<group>"; };
		72C2AB322334360E00F32799 /* UICollectionView+Registration.swift */ = {isa = PBXFileReference; fileEncoding = 4; lastKnownFileType = sourcecode.swift; path = "UICollectionView+Registration.swift"; sourceTree = "<group>"; };
		72C2AB342334362E00F32799 /* StretchySectionLayout.swift */ = {isa = PBXFileReference; fileEncoding = 4; lastKnownFileType = sourcecode.swift; path = StretchySectionLayout.swift; sourceTree = "<group>"; };
		72C2AB362334364300F32799 /* IndexPath+Extension.swift */ = {isa = PBXFileReference; fileEncoding = 4; lastKnownFileType = sourcecode.swift; path = "IndexPath+Extension.swift"; sourceTree = "<group>"; };
		72C2AB382334364A00F32799 /* UIFont+Extension.swift */ = {isa = PBXFileReference; fileEncoding = 4; lastKnownFileType = sourcecode.swift; path = "UIFont+Extension.swift"; sourceTree = "<group>"; };
		72C2AB3E233437CA00F32799 /* FavouriteDataSourceBuilder.swift */ = {isa = PBXFileReference; lastKnownFileType = sourcecode.swift; path = FavouriteDataSourceBuilder.swift; sourceTree = "<group>"; };
		72C2AB41233438A500F32799 /* SpacerCollectionItem.swift */ = {isa = PBXFileReference; fileEncoding = 4; lastKnownFileType = sourcecode.swift; path = SpacerCollectionItem.swift; sourceTree = "<group>"; };
		72C2AB43233438AF00F32799 /* ValueSettableCollectionItem.swift */ = {isa = PBXFileReference; fileEncoding = 4; lastKnownFileType = sourcecode.swift; path = ValueSettableCollectionItem.swift; sourceTree = "<group>"; };
		72C2AB472334390C00F32799 /* SpacerCollectionItem+Convenience.swift */ = {isa = PBXFileReference; fileEncoding = 4; lastKnownFileType = sourcecode.swift; path = "SpacerCollectionItem+Convenience.swift"; sourceTree = "<group>"; };
		72C2AB492334395600F32799 /* UIColor+Extension.swift */ = {isa = PBXFileReference; fileEncoding = 4; lastKnownFileType = sourcecode.swift; path = "UIColor+Extension.swift"; sourceTree = "<group>"; };
		72C2AB4B23343D2300F32799 /* UIViewController+LoadingView.swift */ = {isa = PBXFileReference; fileEncoding = 4; lastKnownFileType = sourcecode.swift; path = "UIViewController+LoadingView.swift"; sourceTree = "<group>"; };
		72C2AB4E233442A200F32799 /* ValueSettableCollectionItemTests.swift */ = {isa = PBXFileReference; lastKnownFileType = sourcecode.swift; path = ValueSettableCollectionItemTests.swift; sourceTree = "<group>"; };
		72C2AB502334435100F32799 /* MockUICollectionView.swift */ = {isa = PBXFileReference; lastKnownFileType = sourcecode.swift; path = MockUICollectionView.swift; sourceTree = "<group>"; };
		72C2AB53233448AF00F32799 /* FavouriteCityCollectionViewCell.swift */ = {isa = PBXFileReference; lastKnownFileType = sourcecode.swift; path = FavouriteCityCollectionViewCell.swift; sourceTree = "<group>"; };
		72C2AB54233448AF00F32799 /* FavouriteCityCollectionViewCell.xib */ = {isa = PBXFileReference; lastKnownFileType = file.xib; path = FavouriteCityCollectionViewCell.xib; sourceTree = "<group>"; };
		72C2AB5723344D4500F32799 /* UIImageView+Rotation.swift */ = {isa = PBXFileReference; lastKnownFileType = sourcecode.swift; path = "UIImageView+Rotation.swift"; sourceTree = "<group>"; };
		72C2AB5923344E7E00F32799 /* CGRect+Extension.swift */ = {isa = PBXFileReference; fileEncoding = 4; lastKnownFileType = sourcecode.swift; path = "CGRect+Extension.swift"; sourceTree = "<group>"; };
		72C2AB5B23344E8F00F32799 /* CGRect+ExtensionTests.swift */ = {isa = PBXFileReference; lastKnownFileType = sourcecode.swift; path = "CGRect+ExtensionTests.swift"; sourceTree = "<group>"; };
		72C2AB5D23344F4E00F32799 /* MockUserDefaults.swift */ = {isa = PBXFileReference; lastKnownFileType = sourcecode.swift; path = MockUserDefaults.swift; sourceTree = "<group>"; };
		72C2AB5F233450C100F32799 /* UserDefaults+ExtensionsTests.swift */ = {isa = PBXFileReference; lastKnownFileType = sourcecode.swift; path = "UserDefaults+ExtensionsTests.swift"; sourceTree = "<group>"; };
		72C2D8232332E4EA00BA7369 /* Wind.swift */ = {isa = PBXFileReference; fileEncoding = 4; lastKnownFileType = sourcecode.swift; path = Wind.swift; sourceTree = "<group>"; };
		72C2D8242332E4EA00BA7369 /* City.swift */ = {isa = PBXFileReference; fileEncoding = 4; lastKnownFileType = sourcecode.swift; path = City.swift; sourceTree = "<group>"; };
		72C2D8252332E4EA00BA7369 /* WeatherResponse.swift */ = {isa = PBXFileReference; fileEncoding = 4; lastKnownFileType = sourcecode.swift; path = WeatherResponse.swift; sourceTree = "<group>"; };
		72C2D8262332E4EA00BA7369 /* ForecastResponse.swift */ = {isa = PBXFileReference; fileEncoding = 4; lastKnownFileType = sourcecode.swift; path = ForecastResponse.swift; sourceTree = "<group>"; };
		72C2D8272332E4EA00BA7369 /* Weather.swift */ = {isa = PBXFileReference; fileEncoding = 4; lastKnownFileType = sourcecode.swift; path = Weather.swift; sourceTree = "<group>"; };
		72C2D8282332E4EA00BA7369 /* SearchCityResponse.swift */ = {isa = PBXFileReference; fileEncoding = 4; lastKnownFileType = sourcecode.swift; path = SearchCityResponse.swift; sourceTree = "<group>"; };
		72C2D8292332E4EA00BA7369 /* Main.swift */ = {isa = PBXFileReference; fileEncoding = 4; lastKnownFileType = sourcecode.swift; path = Main.swift; sourceTree = "<group>"; };
		72C2D82A2332E4EA00BA7369 /* GeoCoordinator.swift */ = {isa = PBXFileReference; fileEncoding = 4; lastKnownFileType = sourcecode.swift; path = GeoCoordinator.swift; sourceTree = "<group>"; };
		72C2D82B2332E4EA00BA7369 /* Sys.swift */ = {isa = PBXFileReference; fileEncoding = 4; lastKnownFileType = sourcecode.swift; path = Sys.swift; sourceTree = "<group>"; };
		72C2D8382332E52C00BA7369 /* SearchCityOperation.swift */ = {isa = PBXFileReference; lastKnownFileType = sourcecode.swift; path = SearchCityOperation.swift; sourceTree = "<group>"; };
		72C2D83B2332E59300BA7369 /* WeatherOperation.swift */ = {isa = PBXFileReference; lastKnownFileType = sourcecode.swift; path = WeatherOperation.swift; sourceTree = "<group>"; };
		72C2D83E2332E5C400BA7369 /* WeatherServices.swift */ = {isa = PBXFileReference; lastKnownFileType = sourcecode.swift; path = WeatherServices.swift; sourceTree = "<group>"; };
		72C2D8402332E5E700BA7369 /* FindCityServices.swift */ = {isa = PBXFileReference; lastKnownFileType = sourcecode.swift; path = FindCityServices.swift; sourceTree = "<group>"; };
		72C2D8452332E65D00BA7369 /* Bundle+UnitTests.swift */ = {isa = PBXFileReference; lastKnownFileType = sourcecode.swift; path = "Bundle+UnitTests.swift"; sourceTree = "<group>"; };
		72C2D8482332E69600BA7369 /* JSONLoader+UnitTests.swift */ = {isa = PBXFileReference; lastKnownFileType = sourcecode.swift; path = "JSONLoader+UnitTests.swift"; sourceTree = "<group>"; };
		72C2D84B2332E6BA00BA7369 /* JSONLoader.swift */ = {isa = PBXFileReference; lastKnownFileType = sourcecode.swift; path = JSONLoader.swift; sourceTree = "<group>"; };
		72C2D84D2332E6D100BA7369 /* TestAppDelegate.swift */ = {isa = PBXFileReference; lastKnownFileType = sourcecode.swift; path = TestAppDelegate.swift; sourceTree = "<group>"; };
		72C2D8522332E71200BA7369 /* forecast_response.json */ = {isa = PBXFileReference; lastKnownFileType = text.json; path = forecast_response.json; sourceTree = "<group>"; };
		72C2D8542332E73200BA7369 /* search_city_response.json */ = {isa = PBXFileReference; lastKnownFileType = text.json; path = search_city_response.json; sourceTree = "<group>"; };
		72C2D8562332E75200BA7369 /* search_city_empty_response.json */ = {isa = PBXFileReference; lastKnownFileType = text.json; path = search_city_empty_response.json; sourceTree = "<group>"; };
		72C2D8582332E76900BA7369 /* weather_response.json */ = {isa = PBXFileReference; lastKnownFileType = text.json; path = weather_response.json; sourceTree = "<group>"; };
		72C2D85B2332E7AB00BA7369 /* SearchCityResponse+Arrange.swift */ = {isa = PBXFileReference; lastKnownFileType = sourcecode.swift; path = "SearchCityResponse+Arrange.swift"; sourceTree = "<group>"; };
		72C2D85D2332E7E900BA7369 /* ServiceClientResponse+Arrange.swift */ = {isa = PBXFileReference; lastKnownFileType = sourcecode.swift; path = "ServiceClientResponse+Arrange.swift"; sourceTree = "<group>"; };
		72C2D85F2332E81A00BA7369 /* WeatherResponse+Arrange.swift */ = {isa = PBXFileReference; lastKnownFileType = sourcecode.swift; path = "WeatherResponse+Arrange.swift"; sourceTree = "<group>"; };
		72C2D8612332E8D500BA7369 /* ForecastResponse+Arrange.swift */ = {isa = PBXFileReference; lastKnownFileType = sourcecode.swift; path = "ForecastResponse+Arrange.swift"; sourceTree = "<group>"; };
		72C2D8672332E94C00BA7369 /* FindCityServicesTests.swift */ = {isa = PBXFileReference; lastKnownFileType = sourcecode.swift; path = FindCityServicesTests.swift; sourceTree = "<group>"; };
		72C2D8692332EAC100BA7369 /* MockNetworkServiceClient.swift */ = {isa = PBXFileReference; lastKnownFileType = sourcecode.swift; path = MockNetworkServiceClient.swift; sourceTree = "<group>"; };
		72C2D86B2332EB0600BA7369 /* WeatherServicesTests.swift */ = {isa = PBXFileReference; lastKnownFileType = sourcecode.swift; path = WeatherServicesTests.swift; sourceTree = "<group>"; };
/* End PBXFileReference section */

/* Begin PBXFrameworksBuildPhase section */
		721E1ADB2332D7AA00610B11 /* Frameworks */ = {
			isa = PBXFrameworksBuildPhase;
			buildActionMask = 2147483647;
			files = (
				721E1B562332E12700610B11 /* WLNetworkLayer.framework in Frameworks */,
			);
			runOnlyForDeploymentPostprocessing = 0;
		};
		721E1AEF2332D7AB00610B11 /* Frameworks */ = {
			isa = PBXFrameworksBuildPhase;
			buildActionMask = 2147483647;
			files = (
			);
			runOnlyForDeploymentPostprocessing = 0;
		};
/* End PBXFrameworksBuildPhase section */

/* Begin PBXGroup section */
		721E1AD52332D7AA00610B11 = {
			isa = PBXGroup;
			children = (
				721E1B4D2332E10400610B11 /* WLNetworkLayer.xcodeproj */,
				721E1AE02332D7AA00610B11 /* JustWind */,
				721E1AF52332D7AB00610B11 /* JustWindTests */,
				721E1ADF2332D7AA00610B11 /* Products */,
			);
			sourceTree = "<group>";
		};
		721E1ADF2332D7AA00610B11 /* Products */ = {
			isa = PBXGroup;
			children = (
				721E1ADE2332D7AA00610B11 /* JustWind.app */,
				721E1AF22332D7AB00610B11 /* JustWindTests.xctest */,
			);
			name = Products;
			sourceTree = "<group>";
		};
		721E1AE02332D7AA00610B11 /* JustWind */ = {
			isa = PBXGroup;
			children = (
				72C2AB3A233436DE00F32799 /* SharedUI */,
				72C2D8422332E60F00BA7369 /* AppDelegate */,
				72C2AB0C233425A400F32799 /* Builders */,
				72C2AB522334486B00F32799 /* Cells */,
				72C2AAF523341BD600F32799 /* Coordinators */,
				72C2AB0523341E6A00F32799 /* Extensions */,
				72C2D8222332E4EA00BA7369 /* Models */,
				72C2D8372332E51100BA7369 /* Operations */,
				721E1B012332D7EC00610B11 /* Resources */,
				72C2D8362332E50800BA7369 /* Services */,
				72C2D8432332E61900BA7369 /* ViewControllers */,
				72C2AB11233427F300F32799 /* ViewModels */,
			);
			path = JustWind;
			sourceTree = "<group>";
		};
		721E1AF52332D7AB00610B11 /* JustWindTests */ = {
			isa = PBXGroup;
			children = (
				72C2AB4D2334429200F32799 /* SharedUI */,
				72C2D85A2332E79A00BA7369 /* Arrangers */,
				72C2D8472332E66500BA7369 /* Extensions */,
				72C2D84A2332E6AA00BA7369 /* Helpers */,
				72C2D84F2332E6EC00BA7369 /* JSONs */,
				72C2D8632332E90100BA7369 /* Mocks */,
				72C2D8662332E93600BA7369 /* Tests */,
				721E1AF82332D7AC00610B11 /* Info.plist */,
			);
			path = JustWindTests;
			sourceTree = "<group>";
		};
		721E1B012332D7EC00610B11 /* Resources */ = {
			isa = PBXGroup;
			children = (
				721E1AE52332D7AA00610B11 /* Main.storyboard */,
				721E1AE82332D7AB00610B11 /* Assets.xcassets */,
				721E1AEA2332D7AB00610B11 /* LaunchScreen.storyboard */,
				721E1AED2332D7AB00610B11 /* Info.plist */,
			);
			path = Resources;
			sourceTree = "<group>";
		};
		721E1B4E2332E10400610B11 /* Products */ = {
			isa = PBXGroup;
			children = (
				721E1B532332E10500610B11 /* WLNetworkLayer.framework */,
				721E1B552332E10500610B11 /* WLNetworkLayerTests.xctest */,
			);
			name = Products;
			sourceTree = "<group>";
		};
		72C2AAF323341BCA00F32799 /* DataSources */ = {
			isa = PBXGroup;
			children = (
				72C2AAF823341C0B00F32799 /* CollectionItem.swift */,
				72C2AAFA23341C2C00F32799 /* CollectionSection.swift */,
				72C2AAFD23341D3700F32799 /* CollectionViewDataSource.swift */,
				72C2AAFF23341D5700F32799 /* GenericCollectionSection.swift */,
			);
			path = DataSources;
			sourceTree = "<group>";
		};
		72C2AAF523341BD600F32799 /* Coordinators */ = {
			isa = PBXGroup;
			children = (
				72C2AB082334239400F32799 /* AppCoordinator.swift */,
				72C2AB0A233423E600F32799 /* Coordinator.swift */,
			);
			path = Coordinators;
			sourceTree = "<group>";
		};
		72C2AAF623341BE900F32799 /* Protocols */ = {
			isa = PBXGroup;
			children = (
				72C2AB0123341D7B00F32799 /* HeightGettable.swift */,
				72C2AB0323341D9600F32799 /* ValueSettable.swift */,
			);
			path = Protocols;
			sourceTree = "<group>";
		};
		72C2AB0523341E6A00F32799 /* Extensions */ = {
			isa = PBXGroup;
			children = (
				72C2AB5923344E7E00F32799 /* CGRect+Extension.swift */,
				72C2AB142334285D00F32799 /* UserDefaults+Extensions.swift */,
				72C2AB242334330900F32799 /* UIViewController+ServiceClientError.swift */,
				72C2AB4B23343D2300F32799 /* UIViewController+LoadingView.swift */,
				72C2AB382334364A00F32799 /* UIFont+Extension.swift */,
				72C2AB492334395600F32799 /* UIColor+Extension.swift */,
				72C2AB5723344D4500F32799 /* UIImageView+Rotation.swift */,
			);
			path = Extensions;
			sourceTree = "<group>";
		};
		72C2AB0C233425A400F32799 /* Builders */ = {
			isa = PBXGroup;
			children = (
				72C2AB3D2334379000F32799 /* Common */,
				72C2AB3C2334378400F32799 /* DataSourceBuilders */,
			);
			path = Builders;
			sourceTree = "<group>";
		};
		72C2AB11233427F300F32799 /* ViewModels */ = {
			isa = PBXGroup;
			children = (
				72C2AB122334280B00F32799 /* FavouriteViewModel.swift */,
			);
			path = ViewModels;
			sourceTree = "<group>";
		};
		72C2AB262334358400F32799 /* Layouts */ = {
			isa = PBXGroup;
			children = (
				72C2AB342334362E00F32799 /* StretchySectionLayout.swift */,
				72C2AB272334358D00F32799 /* StickyHeaderCollectionViewLayout.swift */,
			);
			path = Layouts;
			sourceTree = "<group>";
		};
		72C2AB292334359E00F32799 /* Cells */ = {
			isa = PBXGroup;
			children = (
				72C2AB2B233435AC00F32799 /* ClearTextCollectionViewCell.swift */,
				72C2AB2D233435AC00F32799 /* ClearTextCollectionViewCell.xib */,
				72C2AB2C233435AC00F32799 /* SpacerCollectionViewCell.swift */,
				72C2AB2A233435AC00F32799 /* SpacerCollectionViewCell.xib */,
			);
			path = Cells;
			sourceTree = "<group>";
		};
		72C2AB3A233436DE00F32799 /* SharedUI */ = {
			isa = PBXGroup;
			children = (
				72C2AB292334359E00F32799 /* Cells */,
				72C2AB402334389800F32799 /* CollectionIteims */,
				72C2AAF323341BCA00F32799 /* DataSources */,
				72C2AB3B2334373400F32799 /* Extensions */,
				72C2AB262334358400F32799 /* Layouts */,
				72C2AAF623341BE900F32799 /* Protocols */,
			);
			path = SharedUI;
			sourceTree = "<group>";
		};
		72C2AB3B2334373400F32799 /* Extensions */ = {
			isa = PBXGroup;
			children = (
				72C2AB0623341E7700F32799 /* UIView+Nib.swift */,
				72C2AB322334360E00F32799 /* UICollectionView+Registration.swift */,
				72C2AB362334364300F32799 /* IndexPath+Extension.swift */,
				72C2AB472334390C00F32799 /* SpacerCollectionItem+Convenience.swift */,
			);
			path = Extensions;
			sourceTree = "<group>";
		};
		72C2AB3C2334378400F32799 /* DataSourceBuilders */ = {
			isa = PBXGroup;
			children = (
				72C2AB3E233437CA00F32799 /* FavouriteDataSourceBuilder.swift */,
			);
			path = DataSourceBuilders;
			sourceTree = "<group>";
		};
		72C2AB3D2334379000F32799 /* Common */ = {
			isa = PBXGroup;
			children = (
				72C2AB0D233425B300F32799 /* ViewControllerBuilder.swift */,
				72C2AB1E23342D0E00F32799 /* CoordinatorBuilder.swift */,
			);
			path = Common;
			sourceTree = "<group>";
		};
		72C2AB402334389800F32799 /* CollectionIteims */ = {
			isa = PBXGroup;
			children = (
				72C2AB43233438AF00F32799 /* ValueSettableCollectionItem.swift */,
				72C2AB41233438A500F32799 /* SpacerCollectionItem.swift */,
			);
			path = CollectionIteims;
			sourceTree = "<group>";
		};
		72C2AB4D2334429200F32799 /* SharedUI */ = {
			isa = PBXGroup;
			children = (
				72C2AB4E233442A200F32799 /* ValueSettableCollectionItemTests.swift */,
			);
			path = SharedUI;
			sourceTree = "<group>";
		};
		72C2AB522334486B00F32799 /* Cells */ = {
			isa = PBXGroup;
			children = (
				72C2AB53233448AF00F32799 /* FavouriteCityCollectionViewCell.swift */,
				72C2AB54233448AF00F32799 /* FavouriteCityCollectionViewCell.xib */,
			);
			path = Cells;
			sourceTree = "<group>";
		};
		72C2D8222332E4EA00BA7369 /* Models */ = {
			isa = PBXGroup;
			children = (
				72C2D8242332E4EA00BA7369 /* City.swift */,
				72C2D82A2332E4EA00BA7369 /* GeoCoordinator.swift */,
				72C2D8292332E4EA00BA7369 /* Main.swift */,
				72C2D8272332E4EA00BA7369 /* Weather.swift */,
				72C2D8232332E4EA00BA7369 /* Wind.swift */,
				72C2D82B2332E4EA00BA7369 /* Sys.swift */,
				72C2D8262332E4EA00BA7369 /* ForecastResponse.swift */,
				72C2D8282332E4EA00BA7369 /* SearchCityResponse.swift */,
				72C2AB18233428E700F32799 /* WeatherGroupResponse.swift */,
				72C2D8252332E4EA00BA7369 /* WeatherResponse.swift */,
			);
			path = Models;
			sourceTree = "<group>";
		};
		72C2D8362332E50800BA7369 /* Services */ = {
			isa = PBXGroup;
			children = (
				72C2D83E2332E5C400BA7369 /* WeatherServices.swift */,
				72C2D8402332E5E700BA7369 /* FindCityServices.swift */,
			);
			path = Services;
			sourceTree = "<group>";
		};
		72C2D8372332E51100BA7369 /* Operations */ = {
			isa = PBXGroup;
			children = (
				72C2D8382332E52C00BA7369 /* SearchCityOperation.swift */,
				72C2D83B2332E59300BA7369 /* WeatherOperation.swift */,
				72C2AB1A2334293200F32799 /* WeatherGroupOperation.swift */,
			);
			path = Operations;
			sourceTree = "<group>";
		};
		72C2D8422332E60F00BA7369 /* AppDelegate */ = {
			isa = PBXGroup;
			children = (
				721E1AE12332D7AA00610B11 /* AppDelegate.swift */,
			);
			path = AppDelegate;
			sourceTree = "<group>";
		};
		72C2D8432332E61900BA7369 /* ViewControllers */ = {
			isa = PBXGroup;
			children = (
				72C2AB0F233427DF00F32799 /* FavouriteViewController.swift */,
				72C2AB1C23342AD200F32799 /* FavouriteViewController.xib */,
			);
			path = ViewControllers;
			sourceTree = "<group>";
		};
		72C2D8472332E66500BA7369 /* Extensions */ = {
			isa = PBXGroup;
			children = (
				72C2D8452332E65D00BA7369 /* Bundle+UnitTests.swift */,
				72C2D8482332E69600BA7369 /* JSONLoader+UnitTests.swift */,
			);
			path = Extensions;
			sourceTree = "<group>";
		};
		72C2D84A2332E6AA00BA7369 /* Helpers */ = {
			isa = PBXGroup;
			children = (
				72C2D84B2332E6BA00BA7369 /* JSONLoader.swift */,
				72C2D84D2332E6D100BA7369 /* TestAppDelegate.swift */,
				72C2D85D2332E7E900BA7369 /* ServiceClientResponse+Arrange.swift */,
			);
			path = Helpers;
			sourceTree = "<group>";
		};
		72C2D84F2332E6EC00BA7369 /* JSONs */ = {
			isa = PBXGroup;
			children = (
				72C2AB202334302100F32799 /* weathergroup_response.json */,
				72C2D8522332E71200BA7369 /* forecast_response.json */,
				72C2D8562332E75200BA7369 /* search_city_empty_response.json */,
				72C2D8542332E73200BA7369 /* search_city_response.json */,
				72C2D8582332E76900BA7369 /* weather_response.json */,
			);
			path = JSONs;
			sourceTree = "<group>";
		};
		72C2D85A2332E79A00BA7369 /* Arrangers */ = {
			isa = PBXGroup;
			children = (
				72C2D8612332E8D500BA7369 /* ForecastResponse+Arrange.swift */,
				72C2D85B2332E7AB00BA7369 /* SearchCityResponse+Arrange.swift */,
				72C2D85F2332E81A00BA7369 /* WeatherResponse+Arrange.swift */,
				72C2AB22233430DE00F32799 /* WeatherGroupResponse+Arrange.swift */,
			);
			path = Arrangers;
			sourceTree = "<group>";
		};
		72C2D8632332E90100BA7369 /* Mocks */ = {
			isa = PBXGroup;
			children = (
				72C2D8692332EAC100BA7369 /* MockNetworkServiceClient.swift */,
				72C2AB502334435100F32799 /* MockUICollectionView.swift */,
				72C2AB5D23344F4E00F32799 /* MockUserDefaults.swift */,
			);
			path = Mocks;
			sourceTree = "<group>";
		};
		72C2D8662332E93600BA7369 /* Tests */ = {
			isa = PBXGroup;
			children = (
				72C2D8672332E94C00BA7369 /* FindCityServicesTests.swift */,
				72C2D86B2332EB0600BA7369 /* WeatherServicesTests.swift */,
				72C2AB5B23344E8F00F32799 /* CGRect+ExtensionTests.swift */,
				72C2AB5F233450C100F32799 /* UserDefaults+ExtensionsTests.swift */,
			);
			path = Tests;
			sourceTree = "<group>";
		};
/* End PBXGroup section */

/* Begin PBXNativeTarget section */
		721E1ADD2332D7AA00610B11 /* JustWind */ = {
			isa = PBXNativeTarget;
			buildConfigurationList = 721E1AFB2332D7AC00610B11 /* Build configuration list for PBXNativeTarget "JustWind" */;
			buildPhases = (
				721E1ADA2332D7AA00610B11 /* Sources */,
				721E1ADB2332D7AA00610B11 /* Frameworks */,
				721E1ADC2332D7AA00610B11 /* Resources */,
				721E1B5A2332E12700610B11 /* Embed Frameworks */,
			);
			buildRules = (
			);
			dependencies = (
				721E1B592332E12700610B11 /* PBXTargetDependency */,
			);
			name = JustWind;
			productName = JustWind;
			productReference = 721E1ADE2332D7AA00610B11 /* JustWind.app */;
			productType = "com.apple.product-type.application";
		};
		721E1AF12332D7AB00610B11 /* JustWindTests */ = {
			isa = PBXNativeTarget;
			buildConfigurationList = 721E1AFE2332D7AC00610B11 /* Build configuration list for PBXNativeTarget "JustWindTests" */;
			buildPhases = (
				721E1AEE2332D7AB00610B11 /* Sources */,
				721E1AEF2332D7AB00610B11 /* Frameworks */,
				721E1AF02332D7AB00610B11 /* Resources */,
			);
			buildRules = (
			);
			dependencies = (
				721E1AF42332D7AB00610B11 /* PBXTargetDependency */,
			);
			name = JustWindTests;
			productName = JustWindTests;
			productReference = 721E1AF22332D7AB00610B11 /* JustWindTests.xctest */;
			productType = "com.apple.product-type.bundle.unit-test";
		};
/* End PBXNativeTarget section */

/* Begin PBXProject section */
		721E1AD62332D7AA00610B11 /* Project object */ = {
			isa = PBXProject;
			attributes = {
				LastSwiftUpdateCheck = 1030;
				LastUpgradeCheck = 1030;
				ORGANIZATIONNAME = "Wei Lu";
				TargetAttributes = {
					721E1ADD2332D7AA00610B11 = {
						CreatedOnToolsVersion = 10.3;
					};
					721E1AF12332D7AB00610B11 = {
						CreatedOnToolsVersion = 10.3;
						LastSwiftMigration = 1030;
						TestTargetID = 721E1ADD2332D7AA00610B11;
					};
				};
			};
			buildConfigurationList = 721E1AD92332D7AA00610B11 /* Build configuration list for PBXProject "JustWind" */;
			compatibilityVersion = "Xcode 9.3";
			developmentRegion = en;
			hasScannedForEncodings = 0;
			knownRegions = (
				en,
				Base,
			);
			mainGroup = 721E1AD52332D7AA00610B11;
			productRefGroup = 721E1ADF2332D7AA00610B11 /* Products */;
			projectDirPath = "";
			projectReferences = (
				{
					ProductGroup = 721E1B4E2332E10400610B11 /* Products */;
					ProjectRef = 721E1B4D2332E10400610B11 /* WLNetworkLayer.xcodeproj */;
				},
			);
			projectRoot = "";
			targets = (
				721E1ADD2332D7AA00610B11 /* JustWind */,
				721E1AF12332D7AB00610B11 /* JustWindTests */,
			);
		};
/* End PBXProject section */

/* Begin PBXReferenceProxy section */
		721E1B532332E10500610B11 /* WLNetworkLayer.framework */ = {
			isa = PBXReferenceProxy;
			fileType = wrapper.framework;
			path = WLNetworkLayer.framework;
			remoteRef = 721E1B522332E10500610B11 /* PBXContainerItemProxy */;
			sourceTree = BUILT_PRODUCTS_DIR;
		};
		721E1B552332E10500610B11 /* WLNetworkLayerTests.xctest */ = {
			isa = PBXReferenceProxy;
			fileType = wrapper.cfbundle;
			path = WLNetworkLayerTests.xctest;
			remoteRef = 721E1B542332E10500610B11 /* PBXContainerItemProxy */;
			sourceTree = BUILT_PRODUCTS_DIR;
		};
/* End PBXReferenceProxy section */

/* Begin PBXResourcesBuildPhase section */
		721E1ADC2332D7AA00610B11 /* Resources */ = {
			isa = PBXResourcesBuildPhase;
			buildActionMask = 2147483647;
			files = (
				72C2AB1D23342AD200F32799 /* FavouriteViewController.xib in Resources */,
				72C2AB2E233435AC00F32799 /* SpacerCollectionViewCell.xib in Resources */,
				721E1AEC2332D7AB00610B11 /* LaunchScreen.storyboard in Resources */,
				72C2AB56233448AF00F32799 /* FavouriteCityCollectionViewCell.xib in Resources */,
				72C2AB31233435AC00F32799 /* ClearTextCollectionViewCell.xib in Resources */,
				721E1AE92332D7AB00610B11 /* Assets.xcassets in Resources */,
				721E1AE72332D7AA00610B11 /* Main.storyboard in Resources */,
			);
			runOnlyForDeploymentPostprocessing = 0;
		};
		721E1AF02332D7AB00610B11 /* Resources */ = {
			isa = PBXResourcesBuildPhase;
			buildActionMask = 2147483647;
			files = (
				72C2D8532332E71200BA7369 /* forecast_response.json in Resources */,
				72C2D8572332E75200BA7369 /* search_city_empty_response.json in Resources */,
				72C2D8552332E73200BA7369 /* search_city_response.json in Resources */,
				72C2AB212334302100F32799 /* weathergroup_response.json in Resources */,
				72C2D8592332E76900BA7369 /* weather_response.json in Resources */,
			);
			runOnlyForDeploymentPostprocessing = 0;
		};
/* End PBXResourcesBuildPhase section */

/* Begin PBXSourcesBuildPhase section */
		721E1ADA2332D7AA00610B11 /* Sources */ = {
			isa = PBXSourcesBuildPhase;
			buildActionMask = 2147483647;
			files = (
				72C2AB0223341D7B00F32799 /* HeightGettable.swift in Sources */,
				72C2AB152334285D00F32799 /* UserDefaults+Extensions.swift in Sources */,
				72C2AB44233438AF00F32799 /* ValueSettableCollectionItem.swift in Sources */,
				72C2AB4A2334395600F32799 /* UIColor+Extension.swift in Sources */,
				72C2AB482334390C00F32799 /* SpacerCollectionItem+Convenience.swift in Sources */,
				72C2AB55233448AF00F32799 /* FavouriteCityCollectionViewCell.swift in Sources */,
				72C2AB0023341D5700F32799 /* GenericCollectionSection.swift in Sources */,
				72C2D83F2332E5C400BA7369 /* WeatherServices.swift in Sources */,
				72C2AB4C23343D2300F32799 /* UIViewController+LoadingView.swift in Sources */,
				72C2D8332332E4EA00BA7369 /* Main.swift in Sources */,
				72C2AB5A23344E7F00F32799 /* CGRect+Extension.swift in Sources */,
				72C2AB0423341D9600F32799 /* ValueSettable.swift in Sources */,
				72C2AB282334358D00F32799 /* StickyHeaderCollectionViewLayout.swift in Sources */,
				72C2AB1B2334293200F32799 /* WeatherGroupOperation.swift in Sources */,
				72C2AB092334239400F32799 /* AppCoordinator.swift in Sources */,
				72C2D8412332E5E700BA7369 /* FindCityServices.swift in Sources */,
				72C2AB0B233423E600F32799 /* Coordinator.swift in Sources */,
				72C2AB332334360E00F32799 /* UICollectionView+Registration.swift in Sources */,
				72C2AB132334280B00F32799 /* FavouriteViewModel.swift in Sources */,
				72C2AB10233427DF00F32799 /* FavouriteViewController.swift in Sources */,
				72C2AB372334364400F32799 /* IndexPath+Extension.swift in Sources */,
				72C2D8322332E4EA00BA7369 /* SearchCityResponse.swift in Sources */,
				72C2D82F2332E4EA00BA7369 /* WeatherResponse.swift in Sources */,
				72C2D8392332E52C00BA7369 /* SearchCityOperation.swift in Sources */,
				721E1AE22332D7AA00610B11 /* AppDelegate.swift in Sources */,
				72C2AB252334330900F32799 /* UIViewController+ServiceClientError.swift in Sources */,
				72C2AB392334364A00F32799 /* UIFont+Extension.swift in Sources */,
				72C2AB30233435AC00F32799 /* SpacerCollectionViewCell.swift in Sources */,
				72C2AB2F233435AC00F32799 /* ClearTextCollectionViewCell.swift in Sources */,
				72C2AB5823344D4500F32799 /* UIImageView+Rotation.swift in Sources */,
				72C2D8352332E4EA00BA7369 /* Sys.swift in Sources */,
				72C2D82E2332E4EA00BA7369 /* City.swift in Sources */,
				72C2AAF923341C0B00F32799 /* CollectionItem.swift in Sources */,
				72C2AB0E233425B300F32799 /* ViewControllerBuilder.swift in Sources */,
				72C2D8342332E4EA00BA7369 /* GeoCoordinator.swift in Sources */,
				72C2D82D2332E4EA00BA7369 /* Wind.swift in Sources */,
				72C2AAFE23341D3700F32799 /* CollectionViewDataSource.swift in Sources */,
				72C2AB42233438A500F32799 /* SpacerCollectionItem.swift in Sources */,
				72C2AB19233428E700F32799 /* WeatherGroupResponse.swift in Sources */,
				72C2D8302332E4EA00BA7369 /* ForecastResponse.swift in Sources */,
				72C2AB0723341E7700F32799 /* UIView+Nib.swift in Sources */,
				72C2AB3F233437CA00F32799 /* FavouriteDataSourceBuilder.swift in Sources */,
				72C2AB352334362E00F32799 /* StretchySectionLayout.swift in Sources */,
				72C2AB1F23342D0E00F32799 /* CoordinatorBuilder.swift in Sources */,
				72C2AAFB23341C2C00F32799 /* CollectionSection.swift in Sources */,
				72C2D83C2332E59300BA7369 /* WeatherOperation.swift in Sources */,
				72C2D8312332E4EA00BA7369 /* Weather.swift in Sources */,
			);
			runOnlyForDeploymentPostprocessing = 0;
		};
		721E1AEE2332D7AB00610B11 /* Sources */ = {
			isa = PBXSourcesBuildPhase;
			buildActionMask = 2147483647;
			files = (
				72C2AB23233430DE00F32799 /* WeatherGroupResponse+Arrange.swift in Sources */,
				72C2D84E2332E6D100BA7369 /* TestAppDelegate.swift in Sources */,
				72C2AB5E23344F4E00F32799 /* MockUserDefaults.swift in Sources */,
				72C2D8602332E81A00BA7369 /* WeatherResponse+Arrange.swift in Sources */,
				72C2D8622332E8D500BA7369 /* ForecastResponse+Arrange.swift in Sources */,
				72C2D86C2332EB0600BA7369 /* WeatherServicesTests.swift in Sources */,
				72C2D85C2332E7AB00BA7369 /* SearchCityResponse+Arrange.swift in Sources */,
				72C2D8492332E69600BA7369 /* JSONLoader+UnitTests.swift in Sources */,
				72C2D8462332E65D00BA7369 /* Bundle+UnitTests.swift in Sources */,
				72C2AB60233450C100F32799 /* UserDefaults+ExtensionsTests.swift in Sources */,
				72C2AB5C23344E8F00F32799 /* CGRect+ExtensionTests.swift in Sources */,
				72C2AB4F233442A200F32799 /* ValueSettableCollectionItemTests.swift in Sources */,
				72C2D85E2332E7E900BA7369 /* ServiceClientResponse+Arrange.swift in Sources */,
				72C2D84C2332E6BA00BA7369 /* JSONLoader.swift in Sources */,
				72C2D8682332E94C00BA7369 /* FindCityServicesTests.swift in Sources */,
				72C2D86A2332EAC100BA7369 /* MockNetworkServiceClient.swift in Sources */,
				72C2AB512334435100F32799 /* MockUICollectionView.swift in Sources */,
			);
			runOnlyForDeploymentPostprocessing = 0;
		};
/* End PBXSourcesBuildPhase section */

/* Begin PBXTargetDependency section */
		721E1AF42332D7AB00610B11 /* PBXTargetDependency */ = {
			isa = PBXTargetDependency;
			target = 721E1ADD2332D7AA00610B11 /* JustWind */;
			targetProxy = 721E1AF32332D7AB00610B11 /* PBXContainerItemProxy */;
		};
		721E1B592332E12700610B11 /* PBXTargetDependency */ = {
			isa = PBXTargetDependency;
			name = WLNetworkLayer;
			targetProxy = 721E1B582332E12700610B11 /* PBXContainerItemProxy */;
		};
/* End PBXTargetDependency section */

/* Begin PBXVariantGroup section */
		721E1AE52332D7AA00610B11 /* Main.storyboard */ = {
			isa = PBXVariantGroup;
			children = (
				721E1AE62332D7AA00610B11 /* Base */,
			);
			name = Main.storyboard;
			sourceTree = "<group>";
		};
		721E1AEA2332D7AB00610B11 /* LaunchScreen.storyboard */ = {
			isa = PBXVariantGroup;
			children = (
				721E1AEB2332D7AB00610B11 /* Base */,
			);
			name = LaunchScreen.storyboard;
			sourceTree = "<group>";
		};
/* End PBXVariantGroup section */

/* Begin XCBuildConfiguration section */
		721E1AF92332D7AC00610B11 /* Debug */ = {
			isa = XCBuildConfiguration;
			buildSettings = {
				ALWAYS_SEARCH_USER_PATHS = NO;
				CLANG_ANALYZER_NONNULL = YES;
				CLANG_ANALYZER_NUMBER_OBJECT_CONVERSION = YES_AGGRESSIVE;
				CLANG_CXX_LANGUAGE_STANDARD = "gnu++14";
				CLANG_CXX_LIBRARY = "libc++";
				CLANG_ENABLE_MODULES = YES;
				CLANG_ENABLE_OBJC_ARC = YES;
				CLANG_ENABLE_OBJC_WEAK = YES;
				CLANG_WARN_BLOCK_CAPTURE_AUTORELEASING = YES;
				CLANG_WARN_BOOL_CONVERSION = YES;
				CLANG_WARN_COMMA = YES;
				CLANG_WARN_CONSTANT_CONVERSION = YES;
				CLANG_WARN_DEPRECATED_OBJC_IMPLEMENTATIONS = YES;
				CLANG_WARN_DIRECT_OBJC_ISA_USAGE = YES_ERROR;
				CLANG_WARN_DOCUMENTATION_COMMENTS = YES;
				CLANG_WARN_EMPTY_BODY = YES;
				CLANG_WARN_ENUM_CONVERSION = YES;
				CLANG_WARN_INFINITE_RECURSION = YES;
				CLANG_WARN_INT_CONVERSION = YES;
				CLANG_WARN_NON_LITERAL_NULL_CONVERSION = YES;
				CLANG_WARN_OBJC_IMPLICIT_RETAIN_SELF = YES;
				CLANG_WARN_OBJC_LITERAL_CONVERSION = YES;
				CLANG_WARN_OBJC_ROOT_CLASS = YES_ERROR;
				CLANG_WARN_RANGE_LOOP_ANALYSIS = YES;
				CLANG_WARN_STRICT_PROTOTYPES = YES;
				CLANG_WARN_SUSPICIOUS_MOVE = YES;
				CLANG_WARN_UNGUARDED_AVAILABILITY = YES_AGGRESSIVE;
				CLANG_WARN_UNREACHABLE_CODE = YES;
				CLANG_WARN__DUPLICATE_METHOD_MATCH = YES;
				CODE_SIGN_IDENTITY = "iPhone Developer";
				COPY_PHASE_STRIP = NO;
				DEBUG_INFORMATION_FORMAT = dwarf;
				ENABLE_STRICT_OBJC_MSGSEND = YES;
				ENABLE_TESTABILITY = YES;
				GCC_C_LANGUAGE_STANDARD = gnu11;
				GCC_DYNAMIC_NO_PIC = NO;
				GCC_NO_COMMON_BLOCKS = YES;
				GCC_OPTIMIZATION_LEVEL = 0;
				GCC_PREPROCESSOR_DEFINITIONS = (
					"DEBUG=1",
					"$(inherited)",
				);
				GCC_WARN_64_TO_32_BIT_CONVERSION = YES;
				GCC_WARN_ABOUT_RETURN_TYPE = YES_ERROR;
				GCC_WARN_UNDECLARED_SELECTOR = YES;
				GCC_WARN_UNINITIALIZED_AUTOS = YES_AGGRESSIVE;
				GCC_WARN_UNUSED_FUNCTION = YES;
				GCC_WARN_UNUSED_VARIABLE = YES;
				IPHONEOS_DEPLOYMENT_TARGET = 12.0;
				MTL_ENABLE_DEBUG_INFO = INCLUDE_SOURCE;
				MTL_FAST_MATH = YES;
				ONLY_ACTIVE_ARCH = YES;
				SDKROOT = iphoneos;
				SWIFT_ACTIVE_COMPILATION_CONDITIONS = DEBUG;
				SWIFT_OPTIMIZATION_LEVEL = "-Onone";
			};
			name = Debug;
		};
		721E1AFA2332D7AC00610B11 /* Release */ = {
			isa = XCBuildConfiguration;
			buildSettings = {
				ALWAYS_SEARCH_USER_PATHS = NO;
				CLANG_ANALYZER_NONNULL = YES;
				CLANG_ANALYZER_NUMBER_OBJECT_CONVERSION = YES_AGGRESSIVE;
				CLANG_CXX_LANGUAGE_STANDARD = "gnu++14";
				CLANG_CXX_LIBRARY = "libc++";
				CLANG_ENABLE_MODULES = YES;
				CLANG_ENABLE_OBJC_ARC = YES;
				CLANG_ENABLE_OBJC_WEAK = YES;
				CLANG_WARN_BLOCK_CAPTURE_AUTORELEASING = YES;
				CLANG_WARN_BOOL_CONVERSION = YES;
				CLANG_WARN_COMMA = YES;
				CLANG_WARN_CONSTANT_CONVERSION = YES;
				CLANG_WARN_DEPRECATED_OBJC_IMPLEMENTATIONS = YES;
				CLANG_WARN_DIRECT_OBJC_ISA_USAGE = YES_ERROR;
				CLANG_WARN_DOCUMENTATION_COMMENTS = YES;
				CLANG_WARN_EMPTY_BODY = YES;
				CLANG_WARN_ENUM_CONVERSION = YES;
				CLANG_WARN_INFINITE_RECURSION = YES;
				CLANG_WARN_INT_CONVERSION = YES;
				CLANG_WARN_NON_LITERAL_NULL_CONVERSION = YES;
				CLANG_WARN_OBJC_IMPLICIT_RETAIN_SELF = YES;
				CLANG_WARN_OBJC_LITERAL_CONVERSION = YES;
				CLANG_WARN_OBJC_ROOT_CLASS = YES_ERROR;
				CLANG_WARN_RANGE_LOOP_ANALYSIS = YES;
				CLANG_WARN_STRICT_PROTOTYPES = YES;
				CLANG_WARN_SUSPICIOUS_MOVE = YES;
				CLANG_WARN_UNGUARDED_AVAILABILITY = YES_AGGRESSIVE;
				CLANG_WARN_UNREACHABLE_CODE = YES;
				CLANG_WARN__DUPLICATE_METHOD_MATCH = YES;
				CODE_SIGN_IDENTITY = "iPhone Developer";
				COPY_PHASE_STRIP = NO;
				DEBUG_INFORMATION_FORMAT = "dwarf-with-dsym";
				ENABLE_NS_ASSERTIONS = NO;
				ENABLE_STRICT_OBJC_MSGSEND = YES;
				GCC_C_LANGUAGE_STANDARD = gnu11;
				GCC_NO_COMMON_BLOCKS = YES;
				GCC_WARN_64_TO_32_BIT_CONVERSION = YES;
				GCC_WARN_ABOUT_RETURN_TYPE = YES_ERROR;
				GCC_WARN_UNDECLARED_SELECTOR = YES;
				GCC_WARN_UNINITIALIZED_AUTOS = YES_AGGRESSIVE;
				GCC_WARN_UNUSED_FUNCTION = YES;
				GCC_WARN_UNUSED_VARIABLE = YES;
				IPHONEOS_DEPLOYMENT_TARGET = 12.0;
				MTL_ENABLE_DEBUG_INFO = NO;
				MTL_FAST_MATH = YES;
				SDKROOT = iphoneos;
				SWIFT_COMPILATION_MODE = wholemodule;
				SWIFT_OPTIMIZATION_LEVEL = "-O";
				VALIDATE_PRODUCT = YES;
			};
			name = Release;
		};
		721E1AFC2332D7AC00610B11 /* Debug */ = {
			isa = XCBuildConfiguration;
			buildSettings = {
				ALWAYS_EMBED_SWIFT_STANDARD_LIBRARIES = YES;
				ASSETCATALOG_COMPILER_APPICON_NAME = AppIcon;
				CODE_SIGN_STYLE = Automatic;
				DEVELOPMENT_TEAM = A8V85V3976;
				INFOPLIST_FILE = "$(SRCROOT)/JustWind/Resources/Info.plist";
				LD_RUNPATH_SEARCH_PATHS = (
					"$(inherited)",
					"@executable_path/Frameworks",
				);
				PRODUCT_BUNDLE_IDENTIFIER = interview.app.JustWind;
				PRODUCT_NAME = "$(TARGET_NAME)";
				SWIFT_VERSION = 5.0;
				TARGETED_DEVICE_FAMILY = "1,2";
			};
			name = Debug;
		};
		721E1AFD2332D7AC00610B11 /* Release */ = {
			isa = XCBuildConfiguration;
			buildSettings = {
				ALWAYS_EMBED_SWIFT_STANDARD_LIBRARIES = YES;
				ASSETCATALOG_COMPILER_APPICON_NAME = AppIcon;
				CODE_SIGN_STYLE = Automatic;
				DEVELOPMENT_TEAM = A8V85V3976;
				INFOPLIST_FILE = "$(SRCROOT)/JustWind/Resources/Info.plist";
				LD_RUNPATH_SEARCH_PATHS = (
					"$(inherited)",
					"@executable_path/Frameworks",
				);
				PRODUCT_BUNDLE_IDENTIFIER = interview.app.JustWind;
				PRODUCT_NAME = "$(TARGET_NAME)";
				SWIFT_VERSION = 5.0;
				TARGETED_DEVICE_FAMILY = "1,2";
			};
			name = Release;
		};
		721E1AFF2332D7AC00610B11 /* Debug */ = {
			isa = XCBuildConfiguration;
			buildSettings = {
				ALWAYS_EMBED_SWIFT_STANDARD_LIBRARIES = YES;
				BUNDLE_LOADER = "$(TEST_HOST)";
				CLANG_ENABLE_MODULES = YES;
				CODE_SIGN_STYLE = Automatic;
				DEVELOPMENT_TEAM = A8V85V3976;
				INFOPLIST_FILE = JustWindTests/Info.plist;
				LD_RUNPATH_SEARCH_PATHS = (
					"$(inherited)",
					"@executable_path/Frameworks",
					"@loader_path/Frameworks",
				);
				PRODUCT_BUNDLE_IDENTIFIER = interview.app.JustWindTests;
				PRODUCT_NAME = "$(TARGET_NAME)";
				SWIFT_OBJC_BRIDGING_HEADER = "JustWindTests/JustWindTests-Bridging-Header.h";
				SWIFT_OPTIMIZATION_LEVEL = "-Onone";
				SWIFT_VERSION = 5.0;
				TARGETED_DEVICE_FAMILY = "1,2";
				TEST_HOST = "$(BUILT_PRODUCTS_DIR)/JustWind.app/JustWind";
			};
			name = Debug;
		};
		721E1B002332D7AC00610B11 /* Release */ = {
			isa = XCBuildConfiguration;
			buildSettings = {
				ALWAYS_EMBED_SWIFT_STANDARD_LIBRARIES = YES;
				BUNDLE_LOADER = "$(TEST_HOST)";
				CLANG_ENABLE_MODULES = YES;
				CODE_SIGN_STYLE = Automatic;
				DEVELOPMENT_TEAM = A8V85V3976;
				INFOPLIST_FILE = JustWindTests/Info.plist;
				LD_RUNPATH_SEARCH_PATHS = (
					"$(inherited)",
					"@executable_path/Frameworks",
					"@loader_path/Frameworks",
				);
				PRODUCT_BUNDLE_IDENTIFIER = interview.app.JustWindTests;
				PRODUCT_NAME = "$(TARGET_NAME)";
				SWIFT_OBJC_BRIDGING_HEADER = "JustWindTests/JustWindTests-Bridging-Header.h";
				SWIFT_VERSION = 5.0;
				TARGETED_DEVICE_FAMILY = "1,2";
				TEST_HOST = "$(BUILT_PRODUCTS_DIR)/JustWind.app/JustWind";
			};
			name = Release;
		};
/* End XCBuildConfiguration section */

/* Begin XCConfigurationList section */
		721E1AD92332D7AA00610B11 /* Build configuration list for PBXProject "JustWind" */ = {
			isa = XCConfigurationList;
			buildConfigurations = (
				721E1AF92332D7AC00610B11 /* Debug */,
				721E1AFA2332D7AC00610B11 /* Release */,
			);
			defaultConfigurationIsVisible = 0;
			defaultConfigurationName = Release;
		};
		721E1AFB2332D7AC00610B11 /* Build configuration list for PBXNativeTarget "JustWind" */ = {
			isa = XCConfigurationList;
			buildConfigurations = (
				721E1AFC2332D7AC00610B11 /* Debug */,
				721E1AFD2332D7AC00610B11 /* Release */,
			);
			defaultConfigurationIsVisible = 0;
			defaultConfigurationName = Release;
		};
		721E1AFE2332D7AC00610B11 /* Build configuration list for PBXNativeTarget "JustWindTests" */ = {
			isa = XCConfigurationList;
			buildConfigurations = (
				721E1AFF2332D7AC00610B11 /* Debug */,
				721E1B002332D7AC00610B11 /* Release */,
			);
			defaultConfigurationIsVisible = 0;
			defaultConfigurationName = Release;
		};
/* End XCConfigurationList section */
	};
	rootObject = 721E1AD62332D7AA00610B11 /* Project object */;
}
